{
  "nodes": {
    "NixVirt": {
      "inputs": {
        "nixpkgs": [
          "nixpkgs"
        ]
      },
      "locked": {
        "lastModified": 1736736253,
        "narHash": "sha256-GrktftEfXmmdKOU0yz3QXckDz1ncZ+f4KLU8XnYKYuA=",
        "owner": "AshleyYakeley",
        "repo": "NixVirt",
        "rev": "9063243af5e6674359a0ff7cec57f02eeacf0cea",
        "type": "github"
      },
      "original": {
        "owner": "AshleyYakeley",
        "repo": "NixVirt",
        "rev": "9063243af5e6674359a0ff7cec57f02eeacf0cea",
        "type": "github"
      }
    },
    "f1multiviewer": {
      "inputs": {
        "nixpkgs": [
          "nixpkgs"
        ]
      },
      "locked": {
        "lastModified": 1742098027,
        "narHash": "sha256-CWtRjQ7gy5KlffGyaflxPdITFtel+vC7NUzrJgl4dtU=",
        "owner": "daylinmorgan",
        "repo": "f1multiviewer-flake",
        "rev": "5dbe17e315a5bee245f64d705592446fecdf0a19",
        "type": "github"
      },
      "original": {
        "owner": "daylinmorgan",
        "repo": "f1multiviewer-flake",
        "type": "github"
      }
    },
    "flake-compat": {
      "flake": false,
      "locked": {
        "lastModified": 1733328505,
        "narHash": "sha256-NeCCThCEP3eCl2l/+27kNNK7QrwZB1IJCrXfrbv5oqU=",
        "owner": "edolstra",
        "repo": "flake-compat",
        "rev": "ff81ac966bb2cae68946d5ed5fc4994f96d0ffec",
        "type": "github"
      },
      "original": {
        "owner": "edolstra",
        "repo": "flake-compat",
        "type": "github"
      }
    },
    "flake-parts": {
      "inputs": {
        "nixpkgs-lib": [
          "neovim-nightly-overlay",
          "nixpkgs"
        ]
      },
      "locked": {
        "lastModified": 1741352980,
        "narHash": "sha256-+u2UunDA4Cl5Fci3m7S643HzKmIDAe+fiXrLqYsR2fs=",
        "owner": "hercules-ci",
        "repo": "flake-parts",
        "rev": "f4330d22f1c5d2ba72d3d22df5597d123fdb60a9",
        "type": "github"
      },
      "original": {
        "owner": "hercules-ci",
        "repo": "flake-parts",
        "type": "github"
      }
    },
    "flake-utils": {
      "inputs": {
        "systems": [
          "systems"
        ]
      },
      "locked": {
        "lastModified": 1731533236,
        "narHash": "sha256-l0KFg5HjrsfsO/JpG+r7fRrqm12kzFHyUHqHCVpMMbI=",
        "owner": "numtide",
        "repo": "flake-utils",
        "rev": "11707dc2f618dd54ca8739b309ec4fc024de578b",
        "type": "github"
      },
      "original": {
        "owner": "numtide",
        "repo": "flake-utils",
        "type": "github"
      }
    },
    "flakey-profile": {
      "locked": {
        "lastModified": 1712898590,
        "narHash": "sha256-FhGIEU93VHAChKEXx905TSiPZKga69bWl1VB37FK//I=",
        "owner": "lf-",
        "repo": "flakey-profile",
        "rev": "243c903fd8eadc0f63d205665a92d4df91d42d9d",
        "type": "github"
      },
      "original": {
        "owner": "lf-",
        "repo": "flakey-profile",
        "type": "github"
      }
    },
    "hyprland-contrib": {
      "inputs": {
        "nixpkgs": [
          "nixpkgs"
        ]
      },
      "locked": {
        "lastModified": 1742074088,
        "narHash": "sha256-/jbb91gX4nYVM9VqLBoGJItJkEyKS05Gd88wDyDNsEo=",
        "owner": "hyprwm",
        "repo": "contrib",
        "rev": "7f846cee960e3194b4a0d96845c8cc598a86a331",
        "type": "github"
      },
      "original": {
        "owner": "hyprwm",
        "repo": "contrib",
        "type": "github"
      }
    },
    "hyprman": {
      "inputs": {
        "nim2nix": [
          "nim2nix"
        ],
        "nixpkgs": [
          "nixpkgs"
        ]
      },
      "locked": {
        "lastModified": 1740010876,
        "narHash": "sha256-Nl23LUvxnHcUYeeQFpDutKHb47NockeDphPlNFWbek0=",
        "ref": "refs/heads/main",
        "rev": "a49b057bb6e5a3f6871acfa38798ec013940ff6b",
        "revCount": 26,
        "type": "git",
        "url": "https://git.dayl.in/daylin/hyprman.git"
      },
      "original": {
        "type": "git",
        "url": "https://git.dayl.in/daylin/hyprman.git"
      }
    },
    "lib-aggregate": {
      "inputs": {
        "flake-utils": [
          "flake-utils"
        ],
        "nixpkgs-lib": [
          "nixpkgs-lib"
        ]
      },
      "locked": {
        "lastModified": 1741522229,
        "narHash": "sha256-7XL9XiEZSZ0+0z6Y0VPBLLNADkEEq/IYHzGVCEWQUXc=",
        "owner": "nix-community",
        "repo": "lib-aggregate",
        "rev": "b3bc7ba34afb20631c9ff05c0cff42c83ec2ae34",
        "type": "github"
      },
      "original": {
        "owner": "nix-community",
        "repo": "lib-aggregate",
        "type": "github"
      }
    },
    "lix": {
      "flake": false,
      "locked": {
        "lastModified": 1742046983,
        "narHash": "sha256-7M/HvHfnkXSu8JuTFrd20lpk5kztaeE+VMhBbwoCJZ8=",
        "rev": "801567adf0ccf41114e24a6b4f182c0da1ccf503",
        "type": "tarball",
        "url": "https://git.lix.systems/api/v1/repos/lix-project/lix/archive/801567adf0ccf41114e24a6b4f182c0da1ccf503.tar.gz?rev=801567adf0ccf41114e24a6b4f182c0da1ccf503"
      },
      "original": {
        "type": "tarball",
        "url": "https://git.lix.systems/lix-project/lix/archive/main.tar.gz"
      }
    },
    "lix-module": {
      "inputs": {
        "flake-utils": [
          "flake-utils"
        ],
        "flakey-profile": "flakey-profile",
        "lix": [
          "lix"
        ],
        "nixpkgs": [
          "nixpkgs"
        ]
      },
      "locked": {
        "lastModified": 1741894565,
        "narHash": "sha256-2FD0NDJbEjUHloVrtEIms5miJsj1tvQCc/0YK5ambyc=",
        "rev": "a6da43f8193d9e329bba1795c42590c27966082e",
        "type": "tarball",
        "url": "https://git.lix.systems/api/v1/repos/lix-project/nixos-module/archive/a6da43f8193d9e329bba1795c42590c27966082e.tar.gz?rev=a6da43f8193d9e329bba1795c42590c27966082e"
      },
      "original": {
        "type": "tarball",
        "url": "https://git.lix.systems/lix-project/nixos-module/archive/main.tar.gz"
      }
    },
    "llm-nix": {
      "inputs": {
        "nixpkgs": [
          "nixpkgs"
        ],
        "pyproject-build-systems": "pyproject-build-systems",
        "pyproject-nix": "pyproject-nix",
        "uv2nix": "uv2nix"
      },
      "locked": {
        "lastModified": 1740868275,
        "narHash": "sha256-VoXChjyiIGlfs9et5RWB7roKaQzLAkqbRDQ+dV/YC5o=",
        "owner": "daylinmorgan",
        "repo": "llm-nix",
        "rev": "40dab3b094b3f983b1b1689f57a421da384ca9ec",
        "type": "github"
      },
      "original": {
        "owner": "daylinmorgan",
        "repo": "llm-nix",
        "type": "github"
      }
    },
    "my-nixpkgs": {
      "locked": {
        "lastModified": 1714076141,
        "narHash": "sha256-Drmja/f5MRHZCskS6mvzFqxEaZMeciScCTFxWVLqWEY=",
        "owner": "daylinmorgan",
        "repo": "nixpkgs",
        "rev": "7bb2ccd8cdc44c91edba16c48d2c8f331fb3d856",
        "type": "github"
      },
      "original": {
        "owner": "daylinmorgan",
        "ref": "nixos-unstable",
        "repo": "nixpkgs",
        "type": "github"
      }
    },
    "neovim-nightly-overlay": {
      "inputs": {
        "flake-compat": [],
        "flake-parts": "flake-parts",
        "git-hooks": [],
        "hercules-ci-effects": [],
        "neovim-src": "neovim-src",
        "nixpkgs": [
          "nixpkgs"
        ],
        "treefmt-nix": []
      },
      "locked": {
        "lastModified": 1742083911,
        "narHash": "sha256-JcfIoi4M5npWC3oBKGdv11Mjj8CJ8LDGU7rcD+zjlC0=",
        "owner": "nix-community",
        "repo": "neovim-nightly-overlay",
        "rev": "66163e5d352d915caabc9826c8f2f6b5429e331f",
        "type": "github"
      },
      "original": {
        "owner": "nix-community",
        "repo": "neovim-nightly-overlay",
        "type": "github"
      }
    },
    "neovim-src": {
      "flake": false,
      "locked": {
        "lastModified": 1742057093,
        "narHash": "sha256-yUPhXa2hOQ9vdHLPvXA3vPwAzv99TVJkISsJoBkCuhA=",
        "owner": "neovim",
        "repo": "neovim",
        "rev": "f5714994bc4fc578b5f07bca403e7067e6d9b5a0",
        "type": "github"
      },
      "original": {
        "owner": "neovim",
        "repo": "neovim",
        "type": "github"
      }
    },
    "nim2nix": {
      "inputs": {
        "nixpkgs": [
          "nixpkgs"
        ]
      },
      "locked": {
        "lastModified": 1738611445,
        "narHash": "sha256-ABb9/JLbVJsGrhqgBvr23YvV7CB5tW1yF6m6/OugQok=",
        "owner": "daylinmorgan",
        "repo": "nim2nix",
        "rev": "a8c998ecd5ad1a6e3620d00ee841bcea8a40a9ae",
        "type": "github"
      },
      "original": {
        "owner": "daylinmorgan",
        "repo": "nim2nix",
        "type": "github"
      }
    },
    "nix-index-database": {
      "inputs": {
        "nixpkgs": [
          "nixpkgs"
        ]
      },
      "locked": {
        "lastModified": 1741619381,
        "narHash": "sha256-koZtlJRqi0/MD/AKd0KrXLA2NuBOVzlIyAJprjzpxZE=",
        "owner": "nix-community",
        "repo": "nix-index-database",
        "rev": "66537fb185462ba9b07f4e6f2d54894a1b2d04ab",
        "type": "github"
      },
      "original": {
        "owner": "nix-community",
        "repo": "nix-index-database",
        "type": "github"
      }
    },
    "nixos-wsl": {
      "inputs": {
        "flake-compat": [],
        "nixpkgs": [
          "nixpkgs"
        ]
      },
      "locked": {
        "lastModified": 1741870048,
        "narHash": "sha256-odXRdNZGdXg1LmwlAeWL85kgy/FVHsgKlDwrvbR2BsU=",
        "owner": "nix-community",
        "repo": "NixOS-WSL",
        "rev": "5d76001e33ee19644a598ad80e7318ab0957b122",
        "type": "github"
      },
      "original": {
        "owner": "nix-community",
        "repo": "NixOS-WSL",
        "type": "github"
      }
    },
    "nixpkgs": {
      "locked": {
        "lastModified": 1742069588,
        "narHash": "sha256-C7jVfohcGzdZRF6DO+ybyG/sqpo1h6bZi9T56sxLy+k=",
        "owner": "nixos",
        "repo": "nixpkgs",
        "rev": "c80f6a7e10b39afcc1894e02ef785b1ad0b0d7e5",
        "type": "github"
      },
      "original": {
        "owner": "nixos",
        "ref": "nixos-unstable",
        "repo": "nixpkgs",
        "type": "github"
      }
    },
    "nixpkgs-lib": {
      "locked": {
        "lastModified": 1742087259,
        "narHash": "sha256-blNFfJM8car2wY2dMNsxu1x5Wy1CsvSgzrNtdVQxrmY=",
        "owner": "nix-community",
        "repo": "nixpkgs.lib",
        "rev": "e3bcabc74538dbecedf3077ae96c081c3a2bb9e6",
        "type": "github"
      },
      "original": {
        "owner": "nix-community",
        "repo": "nixpkgs.lib",
        "type": "github"
      }
    },
    "nixpkgs-wayland": {
      "inputs": {
        "flake-compat": [],
        "lib-aggregate": [
          "lib-aggregate"
        ],
        "nixpkgs": [
          "nixpkgs"
        ]
      },
      "locked": {
        "lastModified": 1742044857,
        "narHash": "sha256-Oa9vkovyDmP+wBYDpaa2qTAcUIwyAJpK6wEYeiItbR0=",
        "owner": "nix-community",
        "repo": "nixpkgs-wayland",
        "rev": "538fb64a8a28e258ad1758a9691cfa5a2c8d7a75",
        "type": "github"
      },
      "original": {
        "owner": "nix-community",
        "repo": "nixpkgs-wayland",
        "type": "github"
      }
    },
    "pixi": {
      "inputs": {
        "nixpkgs": [
          "nixpkgs"
        ]
      },
      "locked": {
        "lastModified": 1741180895,
        "narHash": "sha256-Zt9XjlkQwTB0UGeZISOlS2KSPPuTT/KqAikrE2Ok+Ns=",
        "owner": "daylinmorgan",
        "repo": "pixi-flake",
        "rev": "299cfc650ea00b2faee22b60295bd3a32c2cb8e0",
        "type": "github"
      },
      "original": {
        "owner": "daylinmorgan",
        "repo": "pixi-flake",
        "type": "github"
      }
    },
    "pyproject-build-systems": {
      "inputs": {
        "nixpkgs": [
          "llm-nix",
          "nixpkgs"
        ],
        "pyproject-nix": [
          "llm-nix",
          "pyproject-nix"
        ],
        "uv2nix": [
          "llm-nix",
          "uv2nix"
        ]
      },
      "locked": {
        "lastModified": 1740362541,
        "narHash": "sha256-S8Mno07MspggOv/xIz5g8hB2b/C5HPiX8E+rXzKY+5U=",
        "owner": "pyproject-nix",
        "repo": "build-system-pkgs",
        "rev": "e151741c848ba92331af91f4e47640a1fb82be19",
        "type": "github"
      },
      "original": {
        "owner": "pyproject-nix",
        "repo": "build-system-pkgs",
        "type": "github"
      }
    },
    "pyproject-nix": {
      "inputs": {
        "nixpkgs": [
          "llm-nix",
          "nixpkgs"
        ]
      },
      "locked": {
        "lastModified": 1739758351,
        "narHash": "sha256-Aoa4dEoC7Hf6+gFVk/SDquZTMFlmlfsgdTWuqQxzePs=",
        "owner": "pyproject-nix",
        "repo": "pyproject.nix",
        "rev": "1329712f7f9af3a8b270764ba338a455b7323811",
        "type": "github"
      },
      "original": {
        "owner": "pyproject-nix",
        "repo": "pyproject.nix",
        "type": "github"
      }
    },
    "roc": {
      "inputs": {
        "flake-compat": "flake-compat",
        "flake-utils": [
          "flake-utils"
        ],
        "nixpkgs": [
          "nixpkgs"
        ],
        "rust-overlay": [
          "rust-overlay"
        ]
      },
      "locked": {
        "lastModified": 1740189990,
        "narHash": "sha256-UU9ngaSnlDQBPdII2mKIfLE8ix0HpSkfytM7iI7r44o=",
        "owner": "roc-lang",
        "repo": "roc",
        "rev": "5d6895908bcd2fd4c94633ab7b338ae3cdcbf8db",
        "type": "github"
      },
      "original": {
        "owner": "roc-lang",
        "ref": "0.0.0-alpha2-rolling",
        "repo": "roc",
        "type": "github"
      }
    },
    "root": {
      "inputs": {
        "NixVirt": "NixVirt",
        "f1multiviewer": "f1multiviewer",
        "flake-utils": "flake-utils",
        "hyprland-contrib": "hyprland-contrib",
        "hyprman": "hyprman",
        "lib-aggregate": "lib-aggregate",
        "lix": "lix",
        "lix-module": "lix-module",
        "llm-nix": "llm-nix",
        "my-nixpkgs": "my-nixpkgs",
        "neovim-nightly-overlay": "neovim-nightly-overlay",
        "nim2nix": "nim2nix",
        "nix-index-database": "nix-index-database",
        "nixos-wsl": "nixos-wsl",
        "nixpkgs": "nixpkgs",
        "nixpkgs-lib": "nixpkgs-lib",
        "nixpkgs-wayland": "nixpkgs-wayland",
        "pixi": "pixi",
        "roc": "roc",
        "rust-overlay": "rust-overlay",
        "sops-nix": "sops-nix",
        "stable": "stable",
        "systems": "systems",
        "treefmt-nix": "treefmt-nix",
        "tsm": "tsm",
        "utils": "utils"
      }
    },
    "rust-overlay": {
      "inputs": {
        "nixpkgs": [
          "nixpkgs"
        ]
      },
      "locked": {
        "lastModified": 1742005800,
        "narHash": "sha256-6wuOGWkyW6R4A6Th9NMi6WK2jjddvZt7V2+rLPk6L3o=",
        "owner": "oxalica",
        "repo": "rust-overlay",
        "rev": "028cd247a6375f83b94adc33d83676480fc9c294",
        "type": "github"
      },
      "original": {
        "owner": "oxalica",
        "repo": "rust-overlay",
        "type": "github"
      }
    },
    "sops-nix": {
      "inputs": {
        "nixpkgs": [
          "nixpkgs"
        ]
      },
      "locked": {
        "lastModified": 1741861888,
        "narHash": "sha256-ynOgXAyToeE1UdLNfrUn/hL7MN0OpIS2BtNdLjpjPf0=",
        "owner": "Mic92",
        "repo": "sops-nix",
        "rev": "d016ce0365b87d848a57c12ffcfdc71da7a2b55f",
        "type": "github"
      },
      "original": {
        "owner": "Mic92",
        "repo": "sops-nix",
        "type": "github"
      }
    },
    "stable": {
      "locked": {
        "lastModified": 1735563628,
        "narHash": "sha256-OnSAY7XDSx7CtDoqNh8jwVwh4xNL/2HaJxGjryLWzX8=",
        "owner": "nixos",
        "repo": "nixpkgs",
        "rev": "b134951a4c9f3c995fd7be05f3243f8ecd65d798",
        "type": "github"
      },
      "original": {
        "owner": "nixos",
        "ref": "nixos-24.05",
        "repo": "nixpkgs",
        "type": "github"
      }
    },
    "systems": {
      "locked": {
        "lastModified": 1680978846,
        "narHash": "sha256-Gtqg8b/v49BFDpDetjclCYXm8mAnTrUzR0JnE2nv5aw=",
        "owner": "nix-systems",
        "repo": "x86_64-linux",
        "rev": "2ecfcac5e15790ba6ce360ceccddb15ad16d08a8",
        "type": "github"
      },
      "original": {
        "owner": "nix-systems",
        "repo": "x86_64-linux",
        "type": "github"
      }
    },
    "treefmt-nix": {
      "inputs": {
        "nixpkgs": [
          "nixpkgs"
        ]
      },
      "locked": {
        "lastModified": 1739829690,
        "narHash": "sha256-mL1szCeIsjh6Khn3nH2cYtwO5YXG6gBiTw1A30iGeDU=",
        "owner": "numtide",
        "repo": "treefmt-nix",
        "rev": "3d0579f5cc93436052d94b73925b48973a104204",
        "type": "github"
      },
      "original": {
        "owner": "numtide",
        "repo": "treefmt-nix",
        "type": "github"
      }
    },
    "tsm": {
      "inputs": {
        "nim2nix": [
          "nim2nix"
        ],
        "nixpkgs": [
          "nixpkgs"
        ]
      },
      "locked": {
        "dir": "nix",
        "lastModified": 1738337180,
        "narHash": "sha256-XXT8rGyMd1ow4jnir8qfLfYIwU2TgzDjpz6amMvs8ac=",
        "owner": "daylinmorgan",
        "repo": "tsm",
        "rev": "9a22c559c5b13472528fc2f814149af7b341dfe5",
        "type": "github"
      },
      "original": {
        "dir": "nix",
        "owner": "daylinmorgan",
        "repo": "tsm",
        "type": "github"
      }
    },
    "utils": {
      "inputs": {
        "nim2nix": [
          "nim2nix"
        ],
        "nixpkgs": [
          "nixpkgs"
        ]
      },
      "locked": {
        "lastModified": 1740524212,
        "narHash": "sha256-lJIUNvr2reDgRbZVYtJ2UXYQwlupxCNSFY5AuHrrAj8=",
        "ref": "refs/heads/main",
        "rev": "6ceec3af7eb92512e4c7d628b223300c9fee146f",
        "revCount": 34,
        "type": "git",
        "url": "https://git.dayl.in/daylin/utils.git"
      },
      "original": {
        "type": "git",
        "url": "https://git.dayl.in/daylin/utils.git"
      }
    },
    "uv2nix": {
      "inputs": {
        "nixpkgs": [
          "llm-nix",
          "nixpkgs"
        ],
        "pyproject-nix": [
          "llm-nix",
          "pyproject-nix"
        ]
      },
      "locked": {
        "lastModified": 1740497536,
        "narHash": "sha256-K+8wsVooqhaqyxuvew3+62mgOfRLJ7whv7woqPU3Ypo=",
        "owner": "pyproject-nix",
        "repo": "uv2nix",
        "rev": "d01fd3a141755ad5d5b93dd9fcbd76d6401f5bac",
        "type": "github"
      },
      "original": {
        "owner": "pyproject-nix",
        "repo": "uv2nix",
        "type": "github"
      }
    }
  },
  "root": "root",
  "version": 7
}
