{
  "nodes": {
    "nixpkgs": {
      "locked": {
        "lastModified": 1682530770,
        "narHash": "sha256-xKO2KuibPW/p6HdBLpG7Cg5UF3l/WX2e9LbwVpsZzN0=",
        "owner": "nixos",
        "repo": "nixpkgs",
        "rev": "ddff8bd1184a180ebe30d4dec51e083c1811816c",
        "type": "github"
      },
      "original": {
        "owner": "nixos",
        "ref": "master",
        "repo": "nixpkgs",
        "type": "github"
      }
    },
    "root": {
      "inputs": {
        "nixpkgs": "nixpkgs"
      }
    }
  },
  "root": "root",
  "version": 7
}
