{
  "items": {
    "jsony": {
      "dir": "$deps/jsony",
      "url": "https://github.com/treeform/jsony",
      "commit": "bb647e1ca21af25ffdc423bcb96feeeeae963ca2",
      "version": ""
    },
    "zippy": {
      "dir": "$deps/zippy",
      "url": "https://github.com/guzba/zippy",
      "commit": "bcb8c1e1be6abb0a0e35a3c6040cdd9391cc993f",
      "version": ""
    },
    "hwylterm": {
      "dir": "$deps/hwylterm",
      "url": "https://github.com/daylinmorgan/hwylterm",
      "commit": "267714a10ce3041fa7327da92f291f90ccc95dca",
      "version": ""
    },
    "resultz.daylinmorgan.github.com": {
      "dir": "$deps/resultz",
      "url": "https://github.com/daylinmorgan/resultz",
      "commit": "0be681c97c703a602e80d203ba2698c29e212e4c",
      "version": ""
    }
  },
  "nimcfg": [
    "############# begin Atlas config section ##########",
    "--noNimblePath",
    "--path:\"deps/jsony/src\"",
    "--path:\"deps/zippy/src\"",
    "--path:\"deps/hwylterm/src\"",
    "--path:\"deps/resultz/src\"",
    "############# end Atlas config section   ##########",
    ""
  ],
  "nimbleFile": {
    "filename": "oizys.nimble",
    "content": [
      "# Package",
      "",
      "version       = \"0.1.0\"",
      "author        = \"Daylin Morgan\"",
      "description   = \"nix begat oizys\"",
      "license       = \"MIT\"",
      "srcDir        = \"src\"",
      "bin           = @[\"oizys\"]",
      "",
      "",
      "# Dependencies",
      "",
      "requires \"nim >= 2.0.8\"",
      "requires \"jsony\"",
      "requires \"zippy\"",
      "requires \"hwylterm#HEAD\"",
      "requires \"https://github.com/daylinmorgan/resultz#HEAD\"",
      ""
    ]
  },
  "hostOS": "linux",
  "hostCPU": "amd64",
  "nimVersion": "2.2.4",
  "gccVersion": "15.2.0",
  "clangVersion": ""
}