{
  "version": 2,
  "packages": {
    "cligen": {
      "version": "1.7.7",
      "vcsRevision": "f50f887eacfe33866e22f8a0d322e29a1c830cf9",
      "url": "https://github.com/c-blake/cligen.git",
      "downloadMethod": "git",
      "dependencies": [],
      "checksums": {
        "sha1": "237596b6be88dcf9ee0bd9732a7baaac526f0c07"
      }
    },
    "hwylterm": {
      "version": "0.1.0",
      "vcsRevision": "56bb2bb7c1da402c2c52fb3f7f10620c7c2fca7e",
      "url": "https://github.com/daylinmorgan/hwylterm",
      "downloadMethod": "git",
      "dependencies": [],
      "checksums": {
        "sha1": "8810cf69a74de580e1ab08f0c153afbf33c8a98e"
      }
    },
    "jsony": {
      "version": "1.1.5",
      "vcsRevision": "ea811bec7fa50f5abd3088ba94cda74285e93f18",
      "url": "https://github.com/treeform/jsony",
      "downloadMethod": "git",
      "dependencies": [],
      "checksums": {
        "sha1": "6aeb83e7481ca8686396a568096054bc668294df"
      }
    },
    "zippy": {
      "version": "0.10.16",
      "vcsRevision": "a99f6a7d8a8e3e0213b3cad0daf0ea974bf58e3f",
      "url": "https://github.com/guzba/zippy",
      "downloadMethod": "git",
      "dependencies": [],
      "checksums": {
        "sha1": "da3bb5ea388f980babcc29760348e2899d29a639"
      }
    }
  },
  "tasks": {}
}
